
Microsoft Visual Studio Solution File, Format Version 12.00
# Visual Studio Version 16
VisualStudioVersion = 16.0.30128.74
MinimumVisualStudioVersion = 10.0.40219.1
Project("{2150E333-8FDC-42A3-9474-1A3956D46DE8}") = "Doc", "Doc", "{49D2E88B-5488-4CE2-A946-D39CE60D33DC}"
EndProject
Project("{2150E333-8FDC-42A3-9474-1A3956D46DE8}") = "Src", "Src", "{B9245359-E0DB-4B95-B5FA-0A2A1FECDD5F}"
EndProject
Project("{2150E333-8FDC-42A3-9474-1A3956D46DE8}") = "Test", "Test", "{4E3FF540-B93D-407D-B148-03838234AEE1}"
EndProject
Project("{2150E333-8FDC-42A3-9474-1A3956D46DE8}") = "Core", "Core", "{BF29137B-074A-43BF-BAF1-E077E5322240}"
EndProject
Project("{2150E333-8FDC-42A3-9474-1A3956D46DE8}") = "Infrastructure", "Infrastructure", "{616B6632-B4F0-4505-A86A-BB3B4AB060FC}"
EndProject
Project("{2150E333-8FDC-42A3-9474-1A3956D46DE8}") = "Presentation", "Presentation", "{78B62EEF-D61B-4AF0-9F5A-083022FF5707}"
EndProject
Project("{2150E333-8FDC-42A3-9474-1A3956D46DE8}") = "Common", "Common", "{4E4FF6F4-F926-43A2-9A5F-6B052FF64027}"
EndProject
Project("{9A19103F-16F7-4668-BE54-9A1E7A4F7556}") = "EndPoint.Site", "EndPoint.Site\EndPoint.Site.csproj", "{030DDC51-0969-4855-BBF6-E1BC9C9D0908}"
EndProject
Project("{9A19103F-16F7-4668-BE54-9A1E7A4F7556}") = "MyStore.Common", "MyStore.Common\MyStore.Common.csproj", "{0652C7C7-6C2C-4D50-88AF-73A3739C5350}"
EndProject
Project("{9A19103F-16F7-4668-BE54-9A1E7A4F7556}") = "MyStore.Application", "MyStore.Application\MyStore.Application.csproj", "{DE8D0D7C-BEA6-482B-933A-D82B762C046E}"
EndProject
Project("{9A19103F-16F7-4668-BE54-9A1E7A4F7556}") = "MyStore.Domain", "MyStore.Domain\MyStore.Domain.csproj", "{664198FD-65F1-4A4E-962C-60C6C9F37790}"
EndProject
Project("{9A19103F-16F7-4668-BE54-9A1E7A4F7556}") = "MyStore.Persistence", "MyStore.Persistence\MyStore.Persistence.csproj", "{0E36C113-22C8-40A7-A85B-2D2DF3F438AA}"
EndProject
Project("{9A19103F-16F7-4668-BE54-9A1E7A4F7556}") = "MyStore.Infrastructure", "MyStore.Infrastructure\MyStore.Infrastructure.csproj", "{5CF1E103-59CC-45C7-9300-4C0D87ACE38E}"
EndProject
Global
	GlobalSection(SolutionConfigurationPlatforms) = preSolution
		Debug|Any CPU = Debug|Any CPU
		Release|Any CPU = Release|Any CPU
	EndGlobalSection
	GlobalSection(ProjectConfigurationPlatforms) = postSolution
		{030DDC51-0969-4855-BBF6-E1BC9C9D0908}.Debug|Any CPU.ActiveCfg = Debug|Any CPU
		{030DDC51-0969-4855-BBF6-E1BC9C9D0908}.Debug|Any CPU.Build.0 = Debug|Any CPU
		{030DDC51-0969-4855-BBF6-E1BC9C9D0908}.Release|Any CPU.ActiveCfg = Release|Any CPU
		{030DDC51-0969-4855-BBF6-E1BC9C9D0908}.Release|Any CPU.Build.0 = Release|Any CPU
		{0652C7C7-6C2C-4D50-88AF-73A3739C5350}.Debug|Any CPU.ActiveCfg = Debug|Any CPU
		{0652C7C7-6C2C-4D50-88AF-73A3739C5350}.Debug|Any CPU.Build.0 = Debug|Any CPU
		{0652C7C7-6C2C-4D50-88AF-73A3739C5350}.Release|Any CPU.ActiveCfg = Release|Any CPU
		{0652C7C7-6C2C-4D50-88AF-73A3739C5350}.Release|Any CPU.Build.0 = Release|Any CPU
		{DE8D0D7C-BEA6-482B-933A-D82B762C046E}.Debug|Any CPU.ActiveCfg = Debug|Any CPU
		{DE8D0D7C-BEA6-482B-933A-D82B762C046E}.Debug|Any CPU.Build.0 = Debug|Any CPU
		{DE8D0D7C-BEA6-482B-933A-D82B762C046E}.Release|Any CPU.ActiveCfg = Release|Any CPU
		{DE8D0D7C-BEA6-482B-933A-D82B762C046E}.Release|Any CPU.Build.0 = Release|Any CPU
		{664198FD-65F1-4A4E-962C-60C6C9F37790}.Debug|Any CPU.ActiveCfg = Debug|Any CPU
		{664198FD-65F1-4A4E-962C-60C6C9F37790}.Debug|Any CPU.Build.0 = Debug|Any CPU
		{664198FD-65F1-4A4E-962C-60C6C9F37790}.Release|Any CPU.ActiveCfg = Release|Any CPU
		{664198FD-65F1-4A4E-962C-60C6C9F37790}.Release|Any CPU.Build.0 = Release|Any CPU
		{0E36C113-22C8-40A7-A85B-2D2DF3F438AA}.Debug|Any CPU.ActiveCfg = Debug|Any CPU
		{0E36C113-22C8-40A7-A85B-2D2DF3F438AA}.Debug|Any CPU.Build.0 = Debug|Any CPU
		{0E36C113-22C8-40A7-A85B-2D2DF3F438AA}.Release|Any CPU.ActiveCfg = Release|Any CPU
		{0E36C113-22C8-40A7-A85B-2D2DF3F438AA}.Release|Any CPU.Build.0 = Release|Any CPU
		{5CF1E103-59CC-45C7-9300-4C0D87ACE38E}.Debug|Any CPU.ActiveCfg = Debug|Any CPU
		{5CF1E103-59CC-45C7-9300-4C0D87ACE38E}.Debug|Any CPU.Build.0 = Debug|Any CPU
		{5CF1E103-59CC-45C7-9300-4C0D87ACE38E}.Release|Any CPU.ActiveCfg = Release|Any CPU
		{5CF1E103-59CC-45C7-9300-4C0D87ACE38E}.Release|Any CPU.Build.0 = Release|Any CPU
	EndGlobalSection
	GlobalSection(SolutionProperties) = preSolution
		HideSolutionNode = FALSE
	EndGlobalSection
	GlobalSection(NestedProjects) = preSolution
		{BF29137B-074A-43BF-BAF1-E077E5322240} = {B9245359-E0DB-4B95-B5FA-0A2A1FECDD5F}
		{616B6632-B4F0-4505-A86A-BB3B4AB060FC} = {B9245359-E0DB-4B95-B5FA-0A2A1FECDD5F}
		{78B62EEF-D61B-4AF0-9F5A-083022FF5707} = {B9245359-E0DB-4B95-B5FA-0A2A1FECDD5F}
		{4E4FF6F4-F926-43A2-9A5F-6B052FF64027} = {B9245359-E0DB-4B95-B5FA-0A2A1FECDD5F}
		{030DDC51-0969-4855-BBF6-E1BC9C9D0908} = {78B62EEF-D61B-4AF0-9F5A-083022FF5707}
		{0652C7C7-6C2C-4D50-88AF-73A3739C5350} = {4E4FF6F4-F926-43A2-9A5F-6B052FF64027}
		{DE8D0D7C-BEA6-482B-933A-D82B762C046E} = {BF29137B-074A-43BF-BAF1-E077E5322240}
		{664198FD-65F1-4A4E-962C-60C6C9F37790} = {BF29137B-074A-43BF-BAF1-E077E5322240}
		{0E36C113-22C8-40A7-A85B-2D2DF3F438AA} = {616B6632-B4F0-4505-A86A-BB3B4AB060FC}
		{5CF1E103-59CC-45C7-9300-4C0D87ACE38E} = {616B6632-B4F0-4505-A86A-BB3B4AB060FC}
	EndGlobalSection
	GlobalSection(ExtensibilityGlobals) = postSolution
		SolutionGuid = {11EFB0AC-B449-4DF0-9096-530DAEBAD7C9}
	EndGlobalSection
EndGlobal
